// !$*UTF8*$!
{
	archiveVersion = 1;
	classes = {
	};
	objectVersion = 50;
	objects = {

/* Begin PBXBuildFile section */
		76CA8DA924D863D000DE65EE /* AppDelegate.swift in Sources */ = {isa = PBXBuildFile; fileRef = 76CA8DA824D863D000DE65EE /* AppDelegate.swift */; };
		76CA8DAB24D863D000DE65EE /* SceneDelegate.swift in Sources */ = {isa = PBXBuildFile; fileRef = 76CA8DAA24D863D000DE65EE /* SceneDelegate.swift */; };
		76CA8DB224D863D500DE65EE /* Assets.xcassets in Resources */ = {isa = PBXBuildFile; fileRef = 76CA8DB124D863D500DE65EE /* Assets.xcassets */; };
		76CA8DB524D863D500DE65EE /* LaunchScreen.storyboard in Resources */ = {isa = PBXBuildFile; fileRef = 76CA8DB324D863D500DE65EE /* LaunchScreen.storyboard */; };
		76CA8DCD24D86D5500DE65EE /* Nimble.framework in Frameworks */ = {isa = PBXBuildFile; fileRef = 76CA8DCB24D86D5500DE65EE /* Nimble.framework */; };
		76CA8DCE24D86D5500DE65EE /* Quick.framework in Frameworks */ = {isa = PBXBuildFile; fileRef = 76CA8DCC24D86D5500DE65EE /* Quick.framework */; };
		76CA8DD024D86D8000DE65EE /* Nimble.framework in CopyFiles */ = {isa = PBXBuildFile; fileRef = 76CA8DCB24D86D5500DE65EE /* Nimble.framework */; settings = {ATTRIBUTES = (CodeSignOnCopy, RemoveHeadersOnCopy, ); }; };
		76CA8DD124D86D8000DE65EE /* Quick.framework in CopyFiles */ = {isa = PBXBuildFile; fileRef = 76CA8DCC24D86D5500DE65EE /* Quick.framework */; settings = {ATTRIBUTES = (CodeSignOnCopy, RemoveHeadersOnCopy, ); }; };
		76CA8DD924D8733200DE65EE /* searchRepositoriesStub.json in Resources */ = {isa = PBXBuildFile; fileRef = 76CA8DD824D8733200DE65EE /* searchRepositoriesStub.json */; };
		76CA8DDB24D8737D00DE65EE /* Repository.swift in Sources */ = {isa = PBXBuildFile; fileRef = 76CA8DDA24D8737D00DE65EE /* Repository.swift */; };
		76CA8DDD24D8768600DE65EE /* SearchDTO.swift in Sources */ = {isa = PBXBuildFile; fileRef = 76CA8DDC24D8768600DE65EE /* SearchDTO.swift */; };
		76CA8DE024D8797900DE65EE /* TestDataLoader.swift in Sources */ = {isa = PBXBuildFile; fileRef = 76CA8DDF24D8797900DE65EE /* TestDataLoader.swift */; };
		76CA8DEE24D8B92900DE65EE /* InfiniteFeedViewController.swift in Sources */ = {isa = PBXBuildFile; fileRef = 76CA8DED24D8B92900DE65EE /* InfiniteFeedViewController.swift */; };
		76CA8DF024D8B93100DE65EE /* InfiniteFeedView.swift in Sources */ = {isa = PBXBuildFile; fileRef = 76CA8DEF24D8B93100DE65EE /* InfiniteFeedView.swift */; };
		76CA8DF224D8B95B00DE65EE /* RepositoryCell.swift in Sources */ = {isa = PBXBuildFile; fileRef = 76CA8DF124D8B95B00DE65EE /* RepositoryCell.swift */; };
		76CA8E1624D8C60200DE65EE /* TypeDescriptionExpressible.swift in Sources */ = {isa = PBXBuildFile; fileRef = 76CA8E1524D8C60200DE65EE /* TypeDescriptionExpressible.swift */; };
		76CA8E1824D8C62200DE65EE /* UITableView+Extension.swift in Sources */ = {isa = PBXBuildFile; fileRef = 76CA8E1724D8C62200DE65EE /* UITableView+Extension.swift */; };
		76CA8E1A24D8D38B00DE65EE /* PageFeed.swift in Sources */ = {isa = PBXBuildFile; fileRef = 76CA8E1924D8D38B00DE65EE /* PageFeed.swift */; };
		76CA8E1C24D8FB0D00DE65EE /* PageFeedSpec.swift in Sources */ = {isa = PBXBuildFile; fileRef = 76CA8E1B24D8FB0D00DE65EE /* PageFeedSpec.swift */; };
		76CA8E1E24D9BE3100DE65EE /* GitHubClient.swift in Sources */ = {isa = PBXBuildFile; fileRef = 76CA8E1D24D9BE3100DE65EE /* GitHubClient.swift */; };
		76CA8E2124D9FE2100DE65EE /* Response.swift in Sources */ = {isa = PBXBuildFile; fileRef = 76CA8E2024D9FE2100DE65EE /* Response.swift */; };
		76CA8E2324DA003900DE65EE /* NetworkError.swift in Sources */ = {isa = PBXBuildFile; fileRef = 76CA8E2224DA003900DE65EE /* NetworkError.swift */; };
		76CA8E2524DA007D00DE65EE /* ResponseSpec.swift in Sources */ = {isa = PBXBuildFile; fileRef = 76CA8E2424DA007D00DE65EE /* ResponseSpec.swift */; };
		76CA8E2724DA017D00DE65EE /* NetworkError+Extension.swift in Sources */ = {isa = PBXBuildFile; fileRef = 76CA8E2624DA017D00DE65EE /* NetworkError+Extension.swift */; };
		76CA8E2924DA02E300DE65EE /* Result+Extension.swift in Sources */ = {isa = PBXBuildFile; fileRef = 76CA8E2824DA02E300DE65EE /* Result+Extension.swift */; };
		76CA8E2B24DAFE0D00DE65EE /* URL+Convertible.swift in Sources */ = {isa = PBXBuildFile; fileRef = 76CA8E2A24DAFE0D00DE65EE /* URL+Convertible.swift */; };
		76CA8E2D24DAFE4E00DE65EE /* Request.swift in Sources */ = {isa = PBXBuildFile; fileRef = 76CA8E2C24DAFE4E00DE65EE /* Request.swift */; };
		76CA8E2F24DAFEE400DE65EE /* Endpoint.swift in Sources */ = {isa = PBXBuildFile; fileRef = 76CA8E2E24DAFEE400DE65EE /* Endpoint.swift */; };
		76CA8E3324DAFFB300DE65EE /* HTTPMethod.swift in Sources */ = {isa = PBXBuildFile; fileRef = 76CA8E3224DAFFB300DE65EE /* HTTPMethod.swift */; };
		76CA8E3724DB028400DE65EE /* Pagination.swift in Sources */ = {isa = PBXBuildFile; fileRef = 76CA8E3624DB028400DE65EE /* Pagination.swift */; };
		76CA8E3924DB02D200DE65EE /* SearchEndpoint.swift in Sources */ = {isa = PBXBuildFile; fileRef = 76CA8E3824DB02D200DE65EE /* SearchEndpoint.swift */; };
		76CA8E3D24DB037700DE65EE /* RequestResolvingSpec.swift in Sources */ = {isa = PBXBuildFile; fileRef = 76CA8E3C24DB037700DE65EE /* RequestResolvingSpec.swift */; };
		76CA8E3F24DB130400DE65EE /* SearchAPI.swift in Sources */ = {isa = PBXBuildFile; fileRef = 76CA8E3E24DB130400DE65EE /* SearchAPI.swift */; };
		76CA8E4124DB1AD400DE65EE /* Environment.swift in Sources */ = {isa = PBXBuildFile; fileRef = 76CA8E4024DB1AD400DE65EE /* Environment.swift */; };
		76CA8E4524DB1B4700DE65EE /* APIDomain.swift in Sources */ = {isa = PBXBuildFile; fileRef = 76CA8E4424DB1B4700DE65EE /* APIDomain.swift */; };
		76CA8E4824DB330C00DE65EE /* Cancellable.swift in Sources */ = {isa = PBXBuildFile; fileRef = 76CA8E4724DB330C00DE65EE /* Cancellable.swift */; };
		76CA8E4A24DB40A500DE65EE /* GitHubRepository.swift in Sources */ = {isa = PBXBuildFile; fileRef = 76CA8E4924DB40A500DE65EE /* GitHubRepository.swift */; };
		76CA8E4C24DB4D9300DE65EE /* NumberFormatter+Extension.swift in Sources */ = {isa = PBXBuildFile; fileRef = 76CA8E4B24DB4D9300DE65EE /* NumberFormatter+Extension.swift */; };
		76CA8E4E24DB4DD400DE65EE /* FormatterSpec.swift in Sources */ = {isa = PBXBuildFile; fileRef = 76CA8E4D24DB4DD400DE65EE /* FormatterSpec.swift */; };
		76CA8E5124DB50CA00DE65EE /* LoadingFooterView.swift in Sources */ = {isa = PBXBuildFile; fileRef = 76CA8E5024DB50CA00DE65EE /* LoadingFooterView.swift */; };
		76CA8E5424DB640C00DE65EE /* ImageLoader.swift in Sources */ = {isa = PBXBuildFile; fileRef = 76CA8E5324DB640C00DE65EE /* ImageLoader.swift */; };
		76CA8E5824DB670F00DE65EE /* Montserrat-Bold.otf in Resources */ = {isa = PBXBuildFile; fileRef = 76CA8E5624DB670F00DE65EE /* Montserrat-Bold.otf */; };
		76CA8E5924DB670F00DE65EE /* Montserrat-Regular.otf in Resources */ = {isa = PBXBuildFile; fileRef = 76CA8E5724DB670F00DE65EE /* Montserrat-Regular.otf */; };
		76CA8E5C24DB67EA00DE65EE /* UILabel+Style.swift in Sources */ = {isa = PBXBuildFile; fileRef = 76CA8E5B24DB67EA00DE65EE /* UILabel+Style.swift */; };
		76CA8E5E24DB757400DE65EE /* UIFont+Style.swift in Sources */ = {isa = PBXBuildFile; fileRef = 76CA8E5D24DB757400DE65EE /* UIFont+Style.swift */; };
		76CA8E6024DB78EA00DE65EE /* UIImage+Assets.swift in Sources */ = {isa = PBXBuildFile; fileRef = 76CA8E5F24DB78EA00DE65EE /* UIImage+Assets.swift */; };
		76CA8E6224DB798400DE65EE /* ImageAssetSpec.swift in Sources */ = {isa = PBXBuildFile; fileRef = 76CA8E6124DB798400DE65EE /* ImageAssetSpec.swift */; };
		76CA8E6424DB7CA900DE65EE /* RateLimitParser.swift in Sources */ = {isa = PBXBuildFile; fileRef = 76CA8E6324DB7CA900DE65EE /* RateLimitParser.swift */; };
		76CA8E6624DB7E5100DE65EE /* RateLimitParserSpec.swift in Sources */ = {isa = PBXBuildFile; fileRef = 76CA8E6524DB7E5100DE65EE /* RateLimitParserSpec.swift */; };
		76CA8E6824DB7F0500DE65EE /* RateLimitHandler.swift in Sources */ = {isa = PBXBuildFile; fileRef = 76CA8E6724DB7F0500DE65EE /* RateLimitHandler.swift */; };
		76CA8E6A24DB7FB600DE65EE /* RateLimitHandlerSpec.swift in Sources */ = {isa = PBXBuildFile; fileRef = 76CA8E6924DB7FB600DE65EE /* RateLimitHandlerSpec.swift */; };
		76CA8E6C24DB802C00DE65EE /* TimeTraveler.swift in Sources */ = {isa = PBXBuildFile; fileRef = 76CA8E6B24DB802C00DE65EE /* TimeTraveler.swift */; };
/* End PBXBuildFile section */

/* Begin PBXContainerItemProxy section */
		76CA8DBC24D863D500DE65EE /* PBXContainerItemProxy */ = {
			isa = PBXContainerItemProxy;
			containerPortal = 76CA8D9D24D863CF00DE65EE /* Project object */;
			proxyType = 1;
			remoteGlobalIDString = 76CA8DA424D863CF00DE65EE;
			remoteInfo = SwiftFeed;
		};
/* End PBXContainerItemProxy section */

/* Begin PBXCopyFilesBuildPhase section */
		76CA8DCF24D86D6C00DE65EE /* CopyFiles */ = {
			isa = PBXCopyFilesBuildPhase;
			buildActionMask = 2147483647;
			dstPath = "";
			dstSubfolderSpec = 10;
			files = (
				76CA8DD024D86D8000DE65EE /* Nimble.framework in CopyFiles */,
				76CA8DD124D86D8000DE65EE /* Quick.framework in CopyFiles */,
			);
			runOnlyForDeploymentPostprocessing = 0;
		};
/* End PBXCopyFilesBuildPhase section */

/* Begin PBXFileReference section */
		76CA8DA524D863CF00DE65EE /* SwiftFeed.app */ = {isa = PBXFileReference; explicitFileType = wrapper.application; includeInIndex = 0; path = SwiftFeed.app; sourceTree = BUILT_PRODUCTS_DIR; };
		76CA8DA824D863D000DE65EE /* AppDelegate.swift */ = {isa = PBXFileReference; lastKnownFileType = sourcecode.swift; path = AppDelegate.swift; sourceTree = "<group>"; };
		76CA8DAA24D863D000DE65EE /* SceneDelegate.swift */ = {isa = PBXFileReference; lastKnownFileType = sourcecode.swift; path = SceneDelegate.swift; sourceTree = "<group>"; };
		76CA8DB124D863D500DE65EE /* Assets.xcassets */ = {isa = PBXFileReference; lastKnownFileType = folder.assetcatalog; path = Assets.xcassets; sourceTree = "<group>"; };
		76CA8DB424D863D500DE65EE /* Base */ = {isa = PBXFileReference; lastKnownFileType = file.storyboard; name = Base; path = Base.lproj/LaunchScreen.storyboard; sourceTree = "<group>"; };
		76CA8DB624D863D500DE65EE /* Info.plist */ = {isa = PBXFileReference; lastKnownFileType = text.plist.xml; path = Info.plist; sourceTree = "<group>"; };
		76CA8DBB24D863D500DE65EE /* SwiftFeedTests.xctest */ = {isa = PBXFileReference; explicitFileType = wrapper.cfbundle; includeInIndex = 0; path = SwiftFeedTests.xctest; sourceTree = BUILT_PRODUCTS_DIR; };
		76CA8DC124D863D500DE65EE /* Info.plist */ = {isa = PBXFileReference; lastKnownFileType = text.plist.xml; path = Info.plist; sourceTree = "<group>"; };
		76CA8DCB24D86D5500DE65EE /* Nimble.framework */ = {isa = PBXFileReference; lastKnownFileType = wrapper.framework; name = Nimble.framework; path = Carthage/Build/iOS/Nimble.framework; sourceTree = "<group>"; };
		76CA8DCC24D86D5500DE65EE /* Quick.framework */ = {isa = PBXFileReference; lastKnownFileType = wrapper.framework; name = Quick.framework; path = Carthage/Build/iOS/Quick.framework; sourceTree = "<group>"; };
		76CA8DD824D8733200DE65EE /* searchRepositoriesStub.json */ = {isa = PBXFileReference; lastKnownFileType = text.json; path = searchRepositoriesStub.json; sourceTree = "<group>"; };
		76CA8DDA24D8737D00DE65EE /* Repository.swift */ = {isa = PBXFileReference; lastKnownFileType = sourcecode.swift; path = Repository.swift; sourceTree = "<group>"; };
		76CA8DDC24D8768600DE65EE /* SearchDTO.swift */ = {isa = PBXFileReference; lastKnownFileType = sourcecode.swift; path = SearchDTO.swift; sourceTree = "<group>"; };
		76CA8DDF24D8797900DE65EE /* TestDataLoader.swift */ = {isa = PBXFileReference; lastKnownFileType = sourcecode.swift; path = TestDataLoader.swift; sourceTree = "<group>"; };
		76CA8DED24D8B92900DE65EE /* InfiniteFeedViewController.swift */ = {isa = PBXFileReference; lastKnownFileType = sourcecode.swift; path = InfiniteFeedViewController.swift; sourceTree = "<group>"; };
		76CA8DEF24D8B93100DE65EE /* InfiniteFeedView.swift */ = {isa = PBXFileReference; lastKnownFileType = sourcecode.swift; path = InfiniteFeedView.swift; sourceTree = "<group>"; };
		76CA8DF124D8B95B00DE65EE /* RepositoryCell.swift */ = {isa = PBXFileReference; lastKnownFileType = sourcecode.swift; path = RepositoryCell.swift; sourceTree = "<group>"; };
		76CA8E1524D8C60200DE65EE /* TypeDescriptionExpressible.swift */ = {isa = PBXFileReference; lastKnownFileType = sourcecode.swift; path = TypeDescriptionExpressible.swift; sourceTree = "<group>"; };
		76CA8E1724D8C62200DE65EE /* UITableView+Extension.swift */ = {isa = PBXFileReference; lastKnownFileType = sourcecode.swift; path = "UITableView+Extension.swift"; sourceTree = "<group>"; };
		76CA8E1924D8D38B00DE65EE /* PageFeed.swift */ = {isa = PBXFileReference; lastKnownFileType = sourcecode.swift; path = PageFeed.swift; sourceTree = "<group>"; };
		76CA8E1B24D8FB0D00DE65EE /* PageFeedSpec.swift */ = {isa = PBXFileReference; lastKnownFileType = sourcecode.swift; path = PageFeedSpec.swift; sourceTree = "<group>"; };
		76CA8E1D24D9BE3100DE65EE /* GitHubClient.swift */ = {isa = PBXFileReference; lastKnownFileType = sourcecode.swift; path = GitHubClient.swift; sourceTree = "<group>"; };
		76CA8E2024D9FE2100DE65EE /* Response.swift */ = {isa = PBXFileReference; lastKnownFileType = sourcecode.swift; path = Response.swift; sourceTree = "<group>"; };
		76CA8E2224DA003900DE65EE /* NetworkError.swift */ = {isa = PBXFileReference; lastKnownFileType = sourcecode.swift; path = NetworkError.swift; sourceTree = "<group>"; };
		76CA8E2424DA007D00DE65EE /* ResponseSpec.swift */ = {isa = PBXFileReference; lastKnownFileType = sourcecode.swift; path = ResponseSpec.swift; sourceTree = "<group>"; };
		76CA8E2624DA017D00DE65EE /* NetworkError+Extension.swift */ = {isa = PBXFileReference; lastKnownFileType = sourcecode.swift; path = "NetworkError+Extension.swift"; sourceTree = "<group>"; };
		76CA8E2824DA02E300DE65EE /* Result+Extension.swift */ = {isa = PBXFileReference; lastKnownFileType = sourcecode.swift; path = "Result+Extension.swift"; sourceTree = "<group>"; };
		76CA8E2A24DAFE0D00DE65EE /* URL+Convertible.swift */ = {isa = PBXFileReference; lastKnownFileType = sourcecode.swift; path = "URL+Convertible.swift"; sourceTree = "<group>"; };
		76CA8E2C24DAFE4E00DE65EE /* Request.swift */ = {isa = PBXFileReference; lastKnownFileType = sourcecode.swift; path = Request.swift; sourceTree = "<group>"; };
		76CA8E2E24DAFEE400DE65EE /* Endpoint.swift */ = {isa = PBXFileReference; lastKnownFileType = sourcecode.swift; path = Endpoint.swift; sourceTree = "<group>"; };
		76CA8E3224DAFFB300DE65EE /* HTTPMethod.swift */ = {isa = PBXFileReference; lastKnownFileType = sourcecode.swift; path = HTTPMethod.swift; sourceTree = "<group>"; };
		76CA8E3624DB028400DE65EE /* Pagination.swift */ = {isa = PBXFileReference; lastKnownFileType = sourcecode.swift; path = Pagination.swift; sourceTree = "<group>"; };
		76CA8E3824DB02D200DE65EE /* SearchEndpoint.swift */ = {isa = PBXFileReference; lastKnownFileType = sourcecode.swift; path = SearchEndpoint.swift; sourceTree = "<group>"; };
		76CA8E3C24DB037700DE65EE /* RequestResolvingSpec.swift */ = {isa = PBXFileReference; lastKnownFileType = sourcecode.swift; path = RequestResolvingSpec.swift; sourceTree = "<group>"; };
		76CA8E3E24DB130400DE65EE /* SearchAPI.swift */ = {isa = PBXFileReference; lastKnownFileType = sourcecode.swift; path = SearchAPI.swift; sourceTree = "<group>"; };
		76CA8E4024DB1AD400DE65EE /* Environment.swift */ = {isa = PBXFileReference; lastKnownFileType = sourcecode.swift; path = Environment.swift; sourceTree = "<group>"; };
		76CA8E4424DB1B4700DE65EE /* APIDomain.swift */ = {isa = PBXFileReference; lastKnownFileType = sourcecode.swift; path = APIDomain.swift; sourceTree = "<group>"; };
		76CA8E4724DB330C00DE65EE /* Cancellable.swift */ = {isa = PBXFileReference; lastKnownFileType = sourcecode.swift; path = Cancellable.swift; sourceTree = "<group>"; };
		76CA8E4924DB40A500DE65EE /* GitHubRepository.swift */ = {isa = PBXFileReference; lastKnownFileType = sourcecode.swift; path = GitHubRepository.swift; sourceTree = "<group>"; };
		76CA8E4B24DB4D9300DE65EE /* NumberFormatter+Extension.swift */ = {isa = PBXFileReference; lastKnownFileType = sourcecode.swift; path = "NumberFormatter+Extension.swift"; sourceTree = "<group>"; };
		76CA8E4D24DB4DD400DE65EE /* FormatterSpec.swift */ = {isa = PBXFileReference; lastKnownFileType = sourcecode.swift; path = FormatterSpec.swift; sourceTree = "<group>"; };
		76CA8E5024DB50CA00DE65EE /* LoadingFooterView.swift */ = {isa = PBXFileReference; lastKnownFileType = sourcecode.swift; path = LoadingFooterView.swift; sourceTree = "<group>"; };
		76CA8E5324DB640C00DE65EE /* ImageLoader.swift */ = {isa = PBXFileReference; lastKnownFileType = sourcecode.swift; path = ImageLoader.swift; sourceTree = "<group>"; };
		76CA8E5624DB670F00DE65EE /* Montserrat-Bold.otf */ = {isa = PBXFileReference; lastKnownFileType = file; path = "Montserrat-Bold.otf"; sourceTree = "<group>"; };
		76CA8E5724DB670F00DE65EE /* Montserrat-Regular.otf */ = {isa = PBXFileReference; lastKnownFileType = file; path = "Montserrat-Regular.otf"; sourceTree = "<group>"; };
		76CA8E5B24DB67EA00DE65EE /* UILabel+Style.swift */ = {isa = PBXFileReference; lastKnownFileType = sourcecode.swift; path = "UILabel+Style.swift"; sourceTree = "<group>"; };
		76CA8E5D24DB757400DE65EE /* UIFont+Style.swift */ = {isa = PBXFileReference; lastKnownFileType = sourcecode.swift; path = "UIFont+Style.swift"; sourceTree = "<group>"; };
		76CA8E5F24DB78EA00DE65EE /* UIImage+Assets.swift */ = {isa = PBXFileReference; lastKnownFileType = sourcecode.swift; path = "UIImage+Assets.swift"; sourceTree = "<group>"; };
		76CA8E6124DB798400DE65EE /* ImageAssetSpec.swift */ = {isa = PBXFileReference; lastKnownFileType = sourcecode.swift; path = ImageAssetSpec.swift; sourceTree = "<group>"; };
		76CA8E6324DB7CA900DE65EE /* RateLimitParser.swift */ = {isa = PBXFileReference; lastKnownFileType = sourcecode.swift; path = RateLimitParser.swift; sourceTree = "<group>"; };
		76CA8E6524DB7E5100DE65EE /* RateLimitParserSpec.swift */ = {isa = PBXFileReference; lastKnownFileType = sourcecode.swift; path = RateLimitParserSpec.swift; sourceTree = "<group>"; };
		76CA8E6724DB7F0500DE65EE /* RateLimitHandler.swift */ = {isa = PBXFileReference; lastKnownFileType = sourcecode.swift; path = RateLimitHandler.swift; sourceTree = "<group>"; };
		76CA8E6924DB7FB600DE65EE /* RateLimitHandlerSpec.swift */ = {isa = PBXFileReference; lastKnownFileType = sourcecode.swift; path = RateLimitHandlerSpec.swift; sourceTree = "<group>"; };
		76CA8E6B24DB802C00DE65EE /* TimeTraveler.swift */ = {isa = PBXFileReference; lastKnownFileType = sourcecode.swift; path = TimeTraveler.swift; sourceTree = "<group>"; };
/* End PBXFileReference section */

/* Begin PBXFrameworksBuildPhase section */
		76CA8DA224D863CF00DE65EE /* Frameworks */ = {
			isa = PBXFrameworksBuildPhase;
			buildActionMask = 2147483647;
			files = (
			);
			runOnlyForDeploymentPostprocessing = 0;
		};
		76CA8DB824D863D500DE65EE /* Frameworks */ = {
			isa = PBXFrameworksBuildPhase;
			buildActionMask = 2147483647;
			files = (
				76CA8DCD24D86D5500DE65EE /* Nimble.framework in Frameworks */,
				76CA8DCE24D86D5500DE65EE /* Quick.framework in Frameworks */,
			);
			runOnlyForDeploymentPostprocessing = 0;
		};
/* End PBXFrameworksBuildPhase section */

/* Begin PBXGroup section */
		76CA8D9C24D863CF00DE65EE = {
			isa = PBXGroup;
			children = (
				76CA8DA724D863CF00DE65EE /* SwiftFeed */,
				76CA8DBE24D863D500DE65EE /* SwiftFeedTests */,
				76CA8DA624D863CF00DE65EE /* Products */,
				76CA8DCA24D86D5500DE65EE /* Frameworks */,
			);
			sourceTree = "<group>";
		};
		76CA8DA624D863CF00DE65EE /* Products */ = {
			isa = PBXGroup;
			children = (
				76CA8DA524D863CF00DE65EE /* SwiftFeed.app */,
				76CA8DBB24D863D500DE65EE /* SwiftFeedTests.xctest */,
			);
			name = Products;
			sourceTree = "<group>";
		};
		76CA8DA724D863CF00DE65EE /* SwiftFeed */ = {
			isa = PBXGroup;
			children = (
				76CA8DA824D863D000DE65EE /* AppDelegate.swift */,
				76CA8DAA24D863D000DE65EE /* SceneDelegate.swift */,
				76CA8E4024DB1AD400DE65EE /* Environment.swift */,
				76CA8E5A24DB67D600DE65EE /* Style */,
				76CA8E1424D8C59600DE65EE /* Utilities */,
				76CA8DD424D8714E00DE65EE /* Presentation */,
				76CA8DD524D8715700DE65EE /* Domain */,
				76CA8E5524DB66F800DE65EE /* Fonts */,
				76CA8DB124D863D500DE65EE /* Assets.xcassets */,
				76CA8DB324D863D500DE65EE /* LaunchScreen.storyboard */,
				76CA8DB624D863D500DE65EE /* Info.plist */,
			);
			path = SwiftFeed;
			sourceTree = "<group>";
		};
		76CA8DBE24D863D500DE65EE /* SwiftFeedTests */ = {
			isa = PBXGroup;
			children = (
				76CA8E1B24D8FB0D00DE65EE /* PageFeedSpec.swift */,
				76CA8E3C24DB037700DE65EE /* RequestResolvingSpec.swift */,
				76CA8E2424DA007D00DE65EE /* ResponseSpec.swift */,
				76CA8E4D24DB4DD400DE65EE /* FormatterSpec.swift */,
				76CA8E6124DB798400DE65EE /* ImageAssetSpec.swift */,
				76CA8E6524DB7E5100DE65EE /* RateLimitParserSpec.swift */,
				76CA8E6924DB7FB600DE65EE /* RateLimitHandlerSpec.swift */,
				76CA8DDE24D8784900DE65EE /* TestHelpers */,
				76CA8DD724D8726400DE65EE /* Data */,
				76CA8DC124D863D500DE65EE /* Info.plist */,
			);
			path = SwiftFeedTests;
			sourceTree = "<group>";
		};
		76CA8DCA24D86D5500DE65EE /* Frameworks */ = {
			isa = PBXGroup;
			children = (
				76CA8DCB24D86D5500DE65EE /* Nimble.framework */,
				76CA8DCC24D86D5500DE65EE /* Quick.framework */,
			);
			name = Frameworks;
			sourceTree = "<group>";
		};
		76CA8DD424D8714E00DE65EE /* Presentation */ = {
			isa = PBXGroup;
			children = (
				76CA8E5224DB52C100DE65EE /* UI Models */,
				76CA8DF324D8B98300DE65EE /* InfiniteFeed */,
				76CA8E4F24DB50AD00DE65EE /* SupportViews */,
			);
			path = Presentation;
			sourceTree = "<group>";
		};
		76CA8DD524D8715700DE65EE /* Domain */ = {
			isa = PBXGroup;
			children = (
				76CA8E4424DB1B4700DE65EE /* APIDomain.swift */,
				76CA8E1924D8D38B00DE65EE /* PageFeed.swift */,
				76CA8E3E24DB130400DE65EE /* SearchAPI.swift */,
				76CA8E1D24D9BE3100DE65EE /* GitHubClient.swift */,
				76CA8E5324DB640C00DE65EE /* ImageLoader.swift */,
				76CA8E1F24D9FE1600DE65EE /* Networking */,
				76CA8DD624D871F700DE65EE /* Models */,
			);
			path = Domain;
			sourceTree = "<group>";
		};
		76CA8DD624D871F700DE65EE /* Models */ = {
			isa = PBXGroup;
			children = (
				76CA8E3824DB02D200DE65EE /* SearchEndpoint.swift */,
				76CA8DDA24D8737D00DE65EE /* Repository.swift */,
				76CA8DDC24D8768600DE65EE /* SearchDTO.swift */,
				76CA8E3624DB028400DE65EE /* Pagination.swift */,
			);
			path = Models;
			sourceTree = "<group>";
		};
		76CA8DD724D8726400DE65EE /* Data */ = {
			isa = PBXGroup;
			children = (
				76CA8DD824D8733200DE65EE /* searchRepositoriesStub.json */,
			);
			path = Data;
			sourceTree = "<group>";
		};
		76CA8DDE24D8784900DE65EE /* TestHelpers */ = {
			isa = PBXGroup;
			children = (
				76CA8DDF24D8797900DE65EE /* TestDataLoader.swift */,
				76CA8E2624DA017D00DE65EE /* NetworkError+Extension.swift */,
				76CA8E2824DA02E300DE65EE /* Result+Extension.swift */,
				76CA8E6B24DB802C00DE65EE /* TimeTraveler.swift */,
			);
			path = TestHelpers;
			sourceTree = "<group>";
		};
		76CA8DF324D8B98300DE65EE /* InfiniteFeed */ = {
			isa = PBXGroup;
			children = (
				76CA8DED24D8B92900DE65EE /* InfiniteFeedViewController.swift */,
				76CA8DEF24D8B93100DE65EE /* InfiniteFeedView.swift */,
				76CA8DF124D8B95B00DE65EE /* RepositoryCell.swift */,
			);
			path = InfiniteFeed;
			sourceTree = "<group>";
		};
		76CA8E1424D8C59600DE65EE /* Utilities */ = {
			isa = PBXGroup;
			children = (
				76CA8E1524D8C60200DE65EE /* TypeDescriptionExpressible.swift */,
				76CA8E1724D8C62200DE65EE /* UITableView+Extension.swift */,
				76CA8E4B24DB4D9300DE65EE /* NumberFormatter+Extension.swift */,
			);
			path = Utilities;
			sourceTree = "<group>";
		};
		76CA8E1F24D9FE1600DE65EE /* Networking */ = {
			isa = PBXGroup;
			children = (
				76CA8E2E24DAFEE400DE65EE /* Endpoint.swift */,
				76CA8E2C24DAFE4E00DE65EE /* Request.swift */,
				76CA8E2024D9FE2100DE65EE /* Response.swift */,
				76CA8E3224DAFFB300DE65EE /* HTTPMethod.swift */,
				76CA8E2224DA003900DE65EE /* NetworkError.swift */,
				76CA8E2A24DAFE0D00DE65EE /* URL+Convertible.swift */,
				76CA8E4724DB330C00DE65EE /* Cancellable.swift */,
				76CA8E6324DB7CA900DE65EE /* RateLimitParser.swift */,
				76CA8E6724DB7F0500DE65EE /* RateLimitHandler.swift */,
			);
			path = Networking;
			sourceTree = "<group>";
		};
		76CA8E4F24DB50AD00DE65EE /* SupportViews */ = {
			isa = PBXGroup;
			children = (
				76CA8E5024DB50CA00DE65EE /* LoadingFooterView.swift */,
			);
			path = SupportViews;
			sourceTree = "<group>";
		};
		76CA8E5224DB52C100DE65EE /* UI Models */ = {
			isa = PBXGroup;
			children = (
				76CA8E4924DB40A500DE65EE /* GitHubRepository.swift */,
			);
			path = "UI Models";
			sourceTree = "<group>";
		};
		76CA8E5524DB66F800DE65EE /* Fonts */ = {
			isa = PBXGroup;
			children = (
				76CA8E5624DB670F00DE65EE /* Montserrat-Bold.otf */,
				76CA8E5724DB670F00DE65EE /* Montserrat-Regular.otf */,
			);
			path = Fonts;
			sourceTree = "<group>";
		};
		76CA8E5A24DB67D600DE65EE /* Style */ = {
			isa = PBXGroup;
			children = (
				76CA8E5B24DB67EA00DE65EE /* UILabel+Style.swift */,
				76CA8E5D24DB757400DE65EE /* UIFont+Style.swift */,
				76CA8E5F24DB78EA00DE65EE /* UIImage+Assets.swift */,
			);
			path = Style;
			sourceTree = "<group>";
		};
/* End PBXGroup section */

/* Begin PBXNativeTarget section */
		76CA8DA424D863CF00DE65EE /* SwiftFeed */ = {
			isa = PBXNativeTarget;
			buildConfigurationList = 76CA8DC424D863D500DE65EE /* Build configuration list for PBXNativeTarget "SwiftFeed" */;
			buildPhases = (
				76CA8DA124D863CF00DE65EE /* Sources */,
				76CA8DA224D863CF00DE65EE /* Frameworks */,
				76CA8DA324D863CF00DE65EE /* Resources */,
			);
			buildRules = (
			);
			dependencies = (
			);
			name = SwiftFeed;
			productName = SwiftFeed;
			productReference = 76CA8DA524D863CF00DE65EE /* SwiftFeed.app */;
			productType = "com.apple.product-type.application";
		};
		76CA8DBA24D863D500DE65EE /* SwiftFeedTests */ = {
			isa = PBXNativeTarget;
			buildConfigurationList = 76CA8DC724D863D500DE65EE /* Build configuration list for PBXNativeTarget "SwiftFeedTests" */;
			buildPhases = (
				76CA8DB724D863D500DE65EE /* Sources */,
				76CA8DB824D863D500DE65EE /* Frameworks */,
				76CA8DB924D863D500DE65EE /* Resources */,
				76CA8DCF24D86D6C00DE65EE /* CopyFiles */,
			);
			buildRules = (
			);
			dependencies = (
				76CA8DBD24D863D500DE65EE /* PBXTargetDependency */,
			);
			name = SwiftFeedTests;
			productName = SwiftFeedTests;
			productReference = 76CA8DBB24D863D500DE65EE /* SwiftFeedTests.xctest */;
			productType = "com.apple.product-type.bundle.unit-test";
		};
/* End PBXNativeTarget section */

/* Begin PBXProject section */
		76CA8D9D24D863CF00DE65EE /* Project object */ = {
			isa = PBXProject;
			attributes = {
				LastSwiftUpdateCheck = 1160;
				LastUpgradeCheck = 1160;
				TargetAttributes = {
					76CA8DA424D863CF00DE65EE = {
						CreatedOnToolsVersion = 11.6;
					};
					76CA8DBA24D863D500DE65EE = {
						CreatedOnToolsVersion = 11.6;
						TestTargetID = 76CA8DA424D863CF00DE65EE;
					};
				};
			};
			buildConfigurationList = 76CA8DA024D863CF00DE65EE /* Build configuration list for PBXProject "SwiftFeed" */;
			compatibilityVersion = "Xcode 9.3";
			developmentRegion = en;
			hasScannedForEncodings = 0;
			knownRegions = (
				en,
				Base,
			);
			mainGroup = 76CA8D9C24D863CF00DE65EE;
			productRefGroup = 76CA8DA624D863CF00DE65EE /* Products */;
			projectDirPath = "";
			projectRoot = "";
			targets = (
				76CA8DA424D863CF00DE65EE /* SwiftFeed */,
				76CA8DBA24D863D500DE65EE /* SwiftFeedTests */,
			);
		};
/* End PBXProject section */

/* Begin PBXResourcesBuildPhase section */
		76CA8DA324D863CF00DE65EE /* Resources */ = {
			isa = PBXResourcesBuildPhase;
			buildActionMask = 2147483647;
			files = (
				76CA8DB524D863D500DE65EE /* LaunchScreen.storyboard in Resources */,
				76CA8DB224D863D500DE65EE /* Assets.xcassets in Resources */,
				76CA8E5824DB670F00DE65EE /* Montserrat-Bold.otf in Resources */,
				76CA8E5924DB670F00DE65EE /* Montserrat-Regular.otf in Resources */,
			);
			runOnlyForDeploymentPostprocessing = 0;
		};
		76CA8DB924D863D500DE65EE /* Resources */ = {
			isa = PBXResourcesBuildPhase;
			buildActionMask = 2147483647;
			files = (
				76CA8DD924D8733200DE65EE /* searchRepositoriesStub.json in Resources */,
			);
			runOnlyForDeploymentPostprocessing = 0;
		};
/* End PBXResourcesBuildPhase section */

/* Begin PBXSourcesBuildPhase section */
		76CA8DA124D863CF00DE65EE /* Sources */ = {
			isa = PBXSourcesBuildPhase;
			buildActionMask = 2147483647;
			files = (
				76CA8E1A24D8D38B00DE65EE /* PageFeed.swift in Sources */,
				76CA8DDD24D8768600DE65EE /* SearchDTO.swift in Sources */,
				76CA8E3924DB02D200DE65EE /* SearchEndpoint.swift in Sources */,
				76CA8E4C24DB4D9300DE65EE /* NumberFormatter+Extension.swift in Sources */,
				76CA8DF024D8B93100DE65EE /* InfiniteFeedView.swift in Sources */,
				76CA8E5E24DB757400DE65EE /* UIFont+Style.swift in Sources */,
				76CA8E5424DB640C00DE65EE /* ImageLoader.swift in Sources */,
				76CA8E1824D8C62200DE65EE /* UITableView+Extension.swift in Sources */,
				76CA8E2124D9FE2100DE65EE /* Response.swift in Sources */,
				76CA8E5C24DB67EA00DE65EE /* UILabel+Style.swift in Sources */,
				76CA8DEE24D8B92900DE65EE /* InfiniteFeedViewController.swift in Sources */,
				76CA8E6424DB7CA900DE65EE /* RateLimitParser.swift in Sources */,
				76CA8DA924D863D000DE65EE /* AppDelegate.swift in Sources */,
				76CA8E2D24DAFE4E00DE65EE /* Request.swift in Sources */,
				76CA8E2B24DAFE0D00DE65EE /* URL+Convertible.swift in Sources */,
				76CA8E4124DB1AD400DE65EE /* Environment.swift in Sources */,
				76CA8E3F24DB130400DE65EE /* SearchAPI.swift in Sources */,
				76CA8E6024DB78EA00DE65EE /* UIImage+Assets.swift in Sources */,
				76CA8E4A24DB40A500DE65EE /* GitHubRepository.swift in Sources */,
				76CA8DAB24D863D000DE65EE /* SceneDelegate.swift in Sources */,
				76CA8E3724DB028400DE65EE /* Pagination.swift in Sources */,
				76CA8E5124DB50CA00DE65EE /* LoadingFooterView.swift in Sources */,
				76CA8E2F24DAFEE400DE65EE /* Endpoint.swift in Sources */,
				76CA8DDB24D8737D00DE65EE /* Repository.swift in Sources */,
				76CA8E3324DAFFB300DE65EE /* HTTPMethod.swift in Sources */,
				76CA8E1624D8C60200DE65EE /* TypeDescriptionExpressible.swift in Sources */,
				76CA8E6824DB7F0500DE65EE /* RateLimitHandler.swift in Sources */,
				76CA8E4524DB1B4700DE65EE /* APIDomain.swift in Sources */,
				76CA8E2324DA003900DE65EE /* NetworkError.swift in Sources */,
				76CA8E1E24D9BE3100DE65EE /* GitHubClient.swift in Sources */,
				76CA8E4824DB330C00DE65EE /* Cancellable.swift in Sources */,
				76CA8DF224D8B95B00DE65EE /* RepositoryCell.swift in Sources */,
			);
			runOnlyForDeploymentPostprocessing = 0;
		};
		76CA8DB724D863D500DE65EE /* Sources */ = {
			isa = PBXSourcesBuildPhase;
			buildActionMask = 2147483647;
			files = (
				76CA8E6624DB7E5100DE65EE /* RateLimitParserSpec.swift in Sources */,
				76CA8E2924DA02E300DE65EE /* Result+Extension.swift in Sources */,
				76CA8DE024D8797900DE65EE /* TestDataLoader.swift in Sources */,
				76CA8E3D24DB037700DE65EE /* RequestResolvingSpec.swift in Sources */,
				76CA8E1C24D8FB0D00DE65EE /* PageFeedSpec.swift in Sources */,
				76CA8E6A24DB7FB600DE65EE /* RateLimitHandlerSpec.swift in Sources */,
				76CA8E6C24DB802C00DE65EE /* TimeTraveler.swift in Sources */,
				76CA8E4E24DB4DD400DE65EE /* FormatterSpec.swift in Sources */,
				76CA8E6224DB798400DE65EE /* ImageAssetSpec.swift in Sources */,
				76CA8E2724DA017D00DE65EE /* NetworkError+Extension.swift in Sources */,
				76CA8E2524DA007D00DE65EE /* ResponseSpec.swift in Sources */,
			);
			runOnlyForDeploymentPostprocessing = 0;
		};
/* End PBXSourcesBuildPhase section */

/* Begin PBXTargetDependency section */
		76CA8DBD24D863D500DE65EE /* PBXTargetDependency */ = {
			isa = PBXTargetDependency;
			target = 76CA8DA424D863CF00DE65EE /* SwiftFeed */;
			targetProxy = 76CA8DBC24D863D500DE65EE /* PBXContainerItemProxy */;
		};
/* End PBXTargetDependency section */

/* Begin PBXVariantGroup section */
		76CA8DB324D863D500DE65EE /* LaunchScreen.storyboard */ = {
			isa = PBXVariantGroup;
			children = (
				76CA8DB424D863D500DE65EE /* Base */,
			);
			name = LaunchScreen.storyboard;
			sourceTree = "<group>";
		};
/* End PBXVariantGroup section */

/* Begin XCBuildConfiguration section */
		76CA8DC224D863D500DE65EE /* Debug */ = {
			isa = XCBuildConfiguration;
			buildSettings = {
				ALWAYS_SEARCH_USER_PATHS = NO;
				CLANG_ANALYZER_NONNULL = YES;
				CLANG_ANALYZER_NUMBER_OBJECT_CONVERSION = YES_AGGRESSIVE;
				CLANG_CXX_LANGUAGE_STANDARD = "gnu++14";
				CLANG_CXX_LIBRARY = "libc++";
				CLANG_ENABLE_MODULES = YES;
				CLANG_ENABLE_OBJC_ARC = YES;
				CLANG_ENABLE_OBJC_WEAK = YES;
				CLANG_WARN_BLOCK_CAPTURE_AUTORELEASING = YES;
				CLANG_WARN_BOOL_CONVERSION = YES;
				CLANG_WARN_COMMA = YES;
				CLANG_WARN_CONSTANT_CONVERSION = YES;
				CLANG_WARN_DEPRECATED_OBJC_IMPLEMENTATIONS = YES;
				CLANG_WARN_DIRECT_OBJC_ISA_USAGE = YES_ERROR;
				CLANG_WARN_DOCUMENTATION_COMMENTS = YES;
				CLANG_WARN_EMPTY_BODY = YES;
				CLANG_WARN_ENUM_CONVERSION = YES;
				CLANG_WARN_INFINITE_RECURSION = YES;
				CLANG_WARN_INT_CONVERSION = YES;
				CLANG_WARN_NON_LITERAL_NULL_CONVERSION = YES;
				CLANG_WARN_OBJC_IMPLICIT_RETAIN_SELF = YES;
				CLANG_WARN_OBJC_LITERAL_CONVERSION = YES;
				CLANG_WARN_OBJC_ROOT_CLASS = YES_ERROR;
				CLANG_WARN_RANGE_LOOP_ANALYSIS = YES;
				CLANG_WARN_STRICT_PROTOTYPES = YES;
				CLANG_WARN_SUSPICIOUS_MOVE = YES;
				CLANG_WARN_UNGUARDED_AVAILABILITY = YES_AGGRESSIVE;
				CLANG_WARN_UNREACHABLE_CODE = YES;
				CLANG_WARN__DUPLICATE_METHOD_MATCH = YES;
				COPY_PHASE_STRIP = NO;
				DEBUG_INFORMATION_FORMAT = dwarf;
				ENABLE_STRICT_OBJC_MSGSEND = YES;
				ENABLE_TESTABILITY = YES;
				GCC_C_LANGUAGE_STANDARD = gnu11;
				GCC_DYNAMIC_NO_PIC = NO;
				GCC_NO_COMMON_BLOCKS = YES;
				GCC_OPTIMIZATION_LEVEL = 0;
				GCC_PREPROCESSOR_DEFINITIONS = (
					"DEBUG=1",
					"$(inherited)",
				);
				GCC_WARN_64_TO_32_BIT_CONVERSION = YES;
				GCC_WARN_ABOUT_RETURN_TYPE = YES_ERROR;
				GCC_WARN_UNDECLARED_SELECTOR = YES;
				GCC_WARN_UNINITIALIZED_AUTOS = YES_AGGRESSIVE;
				GCC_WARN_UNUSED_FUNCTION = YES;
				GCC_WARN_UNUSED_VARIABLE = YES;
				IPHONEOS_DEPLOYMENT_TARGET = 13.6;
				MTL_ENABLE_DEBUG_INFO = INCLUDE_SOURCE;
				MTL_FAST_MATH = YES;
				ONLY_ACTIVE_ARCH = YES;
				SDKROOT = iphoneos;
				SWIFT_ACTIVE_COMPILATION_CONDITIONS = DEBUG;
				SWIFT_OPTIMIZATION_LEVEL = "-Onone";
			};
			name = Debug;
		};
		76CA8DC324D863D500DE65EE /* Release */ = {
			isa = XCBuildConfiguration;
			buildSettings = {
				ALWAYS_SEARCH_USER_PATHS = NO;
				CLANG_ANALYZER_NONNULL = YES;
				CLANG_ANALYZER_NUMBER_OBJECT_CONVERSION = YES_AGGRESSIVE;
				CLANG_CXX_LANGUAGE_STANDARD = "gnu++14";
				CLANG_CXX_LIBRARY = "libc++";
				CLANG_ENABLE_MODULES = YES;
				CLANG_ENABLE_OBJC_ARC = YES;
				CLANG_ENABLE_OBJC_WEAK = YES;
				CLANG_WARN_BLOCK_CAPTURE_AUTORELEASING = YES;
				CLANG_WARN_BOOL_CONVERSION = YES;
				CLANG_WARN_COMMA = YES;
				CLANG_WARN_CONSTANT_CONVERSION = YES;
				CLANG_WARN_DEPRECATED_OBJC_IMPLEMENTATIONS = YES;
				CLANG_WARN_DIRECT_OBJC_ISA_USAGE = YES_ERROR;
				CLANG_WARN_DOCUMENTATION_COMMENTS = YES;
				CLANG_WARN_EMPTY_BODY = YES;
				CLANG_WARN_ENUM_CONVERSION = YES;
				CLANG_WARN_INFINITE_RECURSION = YES;
				CLANG_WARN_INT_CONVERSION = YES;
				CLANG_WARN_NON_LITERAL_NULL_CONVERSION = YES;
				CLANG_WARN_OBJC_IMPLICIT_RETAIN_SELF = YES;
				CLANG_WARN_OBJC_LITERAL_CONVERSION = YES;
				CLANG_WARN_OBJC_ROOT_CLASS = YES_ERROR;
				CLANG_WARN_RANGE_LOOP_ANALYSIS = YES;
				CLANG_WARN_STRICT_PROTOTYPES = YES;
				CLANG_WARN_SUSPICIOUS_MOVE = YES;
				CLANG_WARN_UNGUARDED_AVAILABILITY = YES_AGGRESSIVE;
				CLANG_WARN_UNREACHABLE_CODE = YES;
				CLANG_WARN__DUPLICATE_METHOD_MATCH = YES;
				COPY_PHASE_STRIP = NO;
				DEBUG_INFORMATION_FORMAT = "dwarf-with-dsym";
				ENABLE_NS_ASSERTIONS = NO;
				ENABLE_STRICT_OBJC_MSGSEND = YES;
				GCC_C_LANGUAGE_STANDARD = gnu11;
				GCC_NO_COMMON_BLOCKS = YES;
				GCC_WARN_64_TO_32_BIT_CONVERSION = YES;
				GCC_WARN_ABOUT_RETURN_TYPE = YES_ERROR;
				GCC_WARN_UNDECLARED_SELECTOR = YES;
				GCC_WARN_UNINITIALIZED_AUTOS = YES_AGGRESSIVE;
				GCC_WARN_UNUSED_FUNCTION = YES;
				GCC_WARN_UNUSED_VARIABLE = YES;
				IPHONEOS_DEPLOYMENT_TARGET = 13.6;
				MTL_ENABLE_DEBUG_INFO = NO;
				MTL_FAST_MATH = YES;
				SDKROOT = iphoneos;
				SWIFT_COMPILATION_MODE = wholemodule;
				SWIFT_OPTIMIZATION_LEVEL = "-O";
				VALIDATE_PRODUCT = YES;
			};
			name = Release;
		};
		76CA8DC524D863D500DE65EE /* Debug */ = {
			isa = XCBuildConfiguration;
			buildSettings = {
				ASSETCATALOG_COMPILER_APPICON_NAME = AppIcon;
				CODE_SIGN_STYLE = Automatic;
				DEVELOPMENT_TEAM = FXR83DW32N;
				INFOPLIST_FILE = SwiftFeed/Info.plist;
				IPHONEOS_DEPLOYMENT_TARGET = 13.0;
				LD_RUNPATH_SEARCH_PATHS = (
					"$(inherited)",
					"@executable_path/Frameworks",
				);
				PRODUCT_BUNDLE_IDENTIFIER = com.mistervants.SwiftFeed;
				PRODUCT_NAME = "$(TARGET_NAME)";
				SWIFT_VERSION = 5.0;
				TARGETED_DEVICE_FAMILY = "1,2";
			};
			name = Debug;
		};
		76CA8DC624D863D500DE65EE /* Release */ = {
			isa = XCBuildConfiguration;
			buildSettings = {
				ASSETCATALOG_COMPILER_APPICON_NAME = AppIcon;
				CODE_SIGN_STYLE = Automatic;
				DEVELOPMENT_TEAM = FXR83DW32N;
				INFOPLIST_FILE = SwiftFeed/Info.plist;
				IPHONEOS_DEPLOYMENT_TARGET = 13.0;
				LD_RUNPATH_SEARCH_PATHS = (
					"$(inherited)",
					"@executable_path/Frameworks",
				);
				PRODUCT_BUNDLE_IDENTIFIER = com.mistervants.SwiftFeed;
				PRODUCT_NAME = "$(TARGET_NAME)";
				SWIFT_VERSION = 5.0;
				TARGETED_DEVICE_FAMILY = "1,2";
			};
			name = Release;
		};
		76CA8DC824D863D500DE65EE /* Debug */ = {
			isa = XCBuildConfiguration;
			buildSettings = {
				ALWAYS_EMBED_SWIFT_STANDARD_LIBRARIES = YES;
				BUNDLE_LOADER = "$(TEST_HOST)";
				CODE_SIGN_STYLE = Automatic;
				DEVELOPMENT_TEAM = FXR83DW32N;
				FRAMEWORK_SEARCH_PATHS = (
					"$(inherited)",
					"$(PROJECT_DIR)/Carthage/Build/iOS",
				);
				INFOPLIST_FILE = SwiftFeedTests/Info.plist;
				IPHONEOS_DEPLOYMENT_TARGET = 13.6;
				LD_RUNPATH_SEARCH_PATHS = (
					"$(inherited)",
					"@executable_path/Frameworks",
					"@loader_path/Frameworks",
				);
				PRODUCT_BUNDLE_IDENTIFIER = com.mistervants.SwiftFeedTests;
				PRODUCT_NAME = "$(TARGET_NAME)";
				SWIFT_VERSION = 5.0;
				TARGETED_DEVICE_FAMILY = "1,2";
				TEST_HOST = "$(BUILT_PRODUCTS_DIR)/SwiftFeed.app/SwiftFeed";
			};
			name = Debug;
		};
		76CA8DC924D863D500DE65EE /* Release */ = {
			isa = XCBuildConfiguration;
			buildSettings = {
				ALWAYS_EMBED_SWIFT_STANDARD_LIBRARIES = YES;
				BUNDLE_LOADER = "$(TEST_HOST)";
				CODE_SIGN_STYLE = Automatic;
				DEVELOPMENT_TEAM = FXR83DW32N;
				FRAMEWORK_SEARCH_PATHS = (
					"$(inherited)",
					"$(PROJECT_DIR)/Carthage/Build/iOS",
				);
				INFOPLIST_FILE = SwiftFeedTests/Info.plist;
				IPHONEOS_DEPLOYMENT_TARGET = 13.6;
				LD_RUNPATH_SEARCH_PATHS = (
					"$(inherited)",
					"@executable_path/Frameworks",
					"@loader_path/Frameworks",
				);
				PRODUCT_BUNDLE_IDENTIFIER = com.mistervants.SwiftFeedTests;
				PRODUCT_NAME = "$(TARGET_NAME)";
				SWIFT_VERSION = 5.0;
				TARGETED_DEVICE_FAMILY = "1,2";
				TEST_HOST = "$(BUILT_PRODUCTS_DIR)/SwiftFeed.app/SwiftFeed";
			};
			name = Release;
		};
/* End XCBuildConfiguration section */

/* Begin XCConfigurationList section */
		76CA8DA024D863CF00DE65EE /* Build configuration list for PBXProject "SwiftFeed" */ = {
			isa = XCConfigurationList;
			buildConfigurations = (
				76CA8DC224D863D500DE65EE /* Debug */,
				76CA8DC324D863D500DE65EE /* Release */,
			);
			defaultConfigurationIsVisible = 0;
			defaultConfigurationName = Release;
		};
		76CA8DC424D863D500DE65EE /* Build configuration list for PBXNativeTarget "SwiftFeed" */ = {
			isa = XCConfigurationList;
			buildConfigurations = (
				76CA8DC524D863D500DE65EE /* Debug */,
				76CA8DC624D863D500DE65EE /* Release */,
			);
			defaultConfigurationIsVisible = 0;
			defaultConfigurationName = Release;
		};
		76CA8DC724D863D500DE65EE /* Build configuration list for PBXNativeTarget "SwiftFeedTests" */ = {
			isa = XCConfigurationList;
			buildConfigurations = (
				76CA8DC824D863D500DE65EE /* Debug */,
				76CA8DC924D863D500DE65EE /* Release */,
			);
			defaultConfigurationIsVisible = 0;
			defaultConfigurationName = Release;
		};
/* End XCConfigurationList section */
	};
	rootObject = 76CA8D9D24D863CF00DE65EE /* Project object */;
}
